
Microsoft Visual Studio Solution File, Format Version 12.00
# Visual Studio Version 17
VisualStudioVersion = 17.3.32929.385
MinimumVisualStudioVersion = 10.0.40219.1
Project("{FAE04EC0-301F-11D3-BF4B-00C04F79EFBC}") = "ExperianTestAutomation", "ExperianTestAutomation\ExperianTestAutomation.csproj", "{2128F942-7356-417D-98E1-B65BA034459E}"
EndProject
Global
	GlobalSection(SolutionConfigurationPlatforms) = preSolution
		Debug|Any CPU = Debug|Any CPU
		Release|Any CPU = Release|Any CPU
	EndGlobalSection
	GlobalSection(ProjectConfigurationPlatforms) = postSolution
		{2128F942-7356-417D-98E1-B65BA034459E}.Debug|Any CPU.ActiveCfg = Debug|Any CPU
		{2128F942-7356-417D-98E1-B65BA034459E}.Debug|Any CPU.Build.0 = Debug|Any CPU
		{2128F942-7356-417D-98E1-B65BA034459E}.Release|Any CPU.ActiveCfg = Release|Any CPU
		{2128F942-7356-417D-98E1-B65BA034459E}.Release|Any CPU.Build.0 = Release|Any CPU
	EndGlobalSection
	GlobalSection(SolutionProperties) = preSolution
		HideSolutionNode = FALSE
	EndGlobalSection
	GlobalSection(ExtensibilityGlobals) = postSolution
		SolutionGuid = {4421B9DE-2F85-44CE-868D-12763F3E3715}
	EndGlobalSection
EndGlobal
